<?xml version="1.0" encoding="utf-8"?>
<Project ToolsVersion="4.0" xmlns="http://schemas.microsoft.com/developer/msbuild/2003">
  <ItemGroup>
    <Filter Include="Fichiers sources">
      <UniqueIdentifier>{4FC737F1-C7A5-4376-A066-2A32D752A2FF}</UniqueIdentifier>
      <Extensions>cpp;c;cc;cxx;c++;cppm;ixx;def;odl;idl;hpj;bat;asm;asmx</Extensions>
    </Filter>
    <Filter Include="Fichiers d%27en-tête">
      <UniqueIdentifier>{93995380-89BD-4b04-88EB-625FBE52EBFB}</UniqueIdentifier>
      <Extensions>h;hh;hpp;hxx;h++;hm;inl;inc;ipp;xsd</Extensions>
    </Filter>
    <Filter Include="Fichiers de ressources">
      <UniqueIdentifier>{67DA6AB6-F800-4c08-8B7A-83BB121AAD01}</UniqueIdentifier>
      <Extensions>rc;ico;cur;bmp;dlg;rc2;rct;bin;rgs;gif;jpg;jpeg;jpe;resx;tiff;tif;png;wav;mfcribbon-ms</Extensions>
    </Filter>
    <Filter Include="Fichiers d%27en-tête\Helper">
      <UniqueIdentifier>{c0adbac8-f09d-41ae-b25b-ec6d41bf1c91}</UniqueIdentifier>
    </Filter>
    <Filter Include="Fichiers d%27en-tête\GameObjects">
      <UniqueIdentifier>{9ec994b8-4507-4d2f-b10d-ac1a0a332d39}</UniqueIdentifier>
    </Filter>
    <Filter Include="Assets">
      <UniqueIdentifier>{a2c6d0b6-8e94-4d70-bd8b-fad01aa62059}</UniqueIdentifier>
    </Filter>
    <Filter Include="Fichiers sources\Collision">
      <UniqueIdentifier>{eccbe3f3-9358-416f-8d5d-52559fc9de38}</UniqueIdentifier>
    </Filter>
    <Filter Include="Fichiers d%27en-tête\Collision">
      <UniqueIdentifier>{b4a34e81-30d1-4662-b6ba-c6728a74f676}</UniqueIdentifier>
    </Filter>
    <Filter Include="Fichiers d%27en-tête\GameObjects\Interaction">
      <UniqueIdentifier>{a2fbd119-bcc5-48d5-8772-e210bf9a284c}</UniqueIdentifier>
    </Filter>
    <Filter Include="Fichiers d%27en-tête\Managers">
      <UniqueIdentifier>{ca60a846-c2ac-4fa5-a749-e9ad3a0f75b5}</UniqueIdentifier>
    </Filter>
  </ItemGroup>
  <ItemGroup>
    <ClCompile Include="main.cpp">
      <Filter>Fichiers sources</Filter>
    </ClCompile>
    <ClCompile Include="WaveGame.cpp">
      <Filter>Fichiers sources</Filter>
    </ClCompile>
    <ClCompile Include="Player.cpp">
      <Filter>Fichiers sources</Filter>
    </ClCompile>
    <ClCompile Include="GameObject.cpp">
      <Filter>Fichiers sources</Filter>
    </ClCompile>
    <ClCompile Include="Level.cpp">
      <Filter>Fichiers sources</Filter>
    </ClCompile>
    <ClCompile Include="WallTile.cpp">
      <Filter>Fichiers sources</Filter>
    </ClCompile>
    <ClCompile Include="LevelFileReader.h">
      <Filter>Fichiers d%27en-tête\Helper</Filter>
    </ClCompile>
    <ClCompile Include="vector.h">
      <Filter>Fichiers d%27en-tête\Helper</Filter>
    </ClCompile>
    <ClCompile Include="LevelManager.cpp">
      <Filter>Fichiers sources</Filter>
    </ClCompile>
    <ClCompile Include="CollisionComponent.cpp">
      <Filter>Fichiers sources\Collision</Filter>
    </ClCompile>
    <ClCompile Include="CollisionSystem.cpp">
      <Filter>Fichiers sources\Collision</Filter>
    </ClCompile>
    <ClCompile Include="SoundWave.cpp">
      <Filter>Fichiers sources</Filter>
    </ClCompile>
    <ClCompile Include="SoundParticle.cpp">
      <Filter>Fichiers sources</Filter>
    </ClCompile>
    <ClCompile Include="LevelFileReader.cpp">
      <Filter>Fichiers sources</Filter>
    </ClCompile>
    <ClCompile Include="Door.cpp">
      <Filter>Fichiers sources</Filter>
    </ClCompile>
    <ClCompile Include="Key.cpp">
      <Filter>Fichiers sources</Filter>
    </ClCompile>
    <ClCompile Include="ICollectable.h">
      <Filter>Fichiers d%27en-tête\GameObjects\Interaction</Filter>
    </ClCompile>
    <ClCompile Include="SpriteManager.cpp">
      <Filter>Fichiers sources</Filter>
    </ClCompile>
    <ClCompile Include="LitableGameObject.cpp">
      <Filter>Fichiers sources</Filter>
    </ClCompile>
    <ClCompile Include="SoundManager.cpp">
      <Filter>Fichiers sources</Filter>
    </ClCompile>
    <ClCompile Include="Xylophone.cpp">
      <Filter>Fichiers sources</Filter>
    </ClCompile>
    <ClCompile Include="XylophonePuzzle.cpp">
      <Filter>Fichiers sources</Filter>
    </ClCompile>
  </ItemGroup>
  <ItemGroup>
    <ClInclude Include="WaveGame.h">
      <Filter>Fichiers d%27en-tête</Filter>
    </ClInclude>
    <ClInclude Include="gameSettings.h">
      <Filter>Fichiers d%27en-tête\Helper</Filter>
    </ClInclude>
    <ClInclude Include="GameObject.h">
      <Filter>Fichiers d%27en-tête\GameObjects</Filter>
    </ClInclude>
    <ClInclude Include="Player.h">
      <Filter>Fichiers d%27en-tête\GameObjects</Filter>
    </ClInclude>
    <ClInclude Include="WallTile.h">
      <Filter>Fichiers d%27en-tête\GameObjects</Filter>
    </ClInclude>
    <ClInclude Include="Level.h">
      <Filter>Fichiers d%27en-tête\GameObjects</Filter>
    </ClInclude>
    <ClInclude Include="CollisionComponent.h">
      <Filter>Fichiers d%27en-tête\Collision</Filter>
    </ClInclude>
    <ClInclude Include="CollisionSystem.h">
      <Filter>Fichiers d%27en-tête\Collision</Filter>
    </ClInclude>
    <ClInclude Include="CollisionLayers.h">
      <Filter>Fichiers d%27en-tête\Collision</Filter>
    </ClInclude>
    <ClInclude Include="CollisionResult.h">
      <Filter>Fichiers d%27en-tête\Collision</Filter>
    </ClInclude>
    <ClInclude Include="SoundWave.h">
      <Filter>Fichiers d%27en-tête\GameObjects</Filter>
    </ClInclude>
    <ClInclude Include="SoundParticle.h">
      <Filter>Fichiers d%27en-tête\GameObjects</Filter>
    </ClInclude>
    <ClInclude Include="math.h">
      <Filter>Fichiers d%27en-tête\Helper</Filter>
    </ClInclude>
    <ClInclude Include="Door.h">
      <Filter>Fichiers d%27en-tête\GameObjects</Filter>
    </ClInclude>
    <ClInclude Include="Key.h">
      <Filter>Fichiers d%27en-tête\GameObjects</Filter>
    </ClInclude>
    <ClInclude Include="IInteractable.h">
      <Filter>Fichiers d%27en-tête\GameObjects\Interaction</Filter>
    </ClInclude>
    <ClInclude Include="LitableGameObject.h">
      <Filter>Fichiers d%27en-tête\GameObjects</Filter>
    </ClInclude>
    <ClInclude Include="Xylophone.h">
      <Filter>Fichiers d%27en-tête\GameObjects</Filter>
    </ClInclude>
    <ClInclude Include="LevelManager.h">
      <Filter>Fichiers d%27en-tête\Managers</Filter>
    </ClInclude>
    <ClInclude Include="SoundManager.h">
      <Filter>Fichiers d%27en-tête\Managers</Filter>
    </ClInclude>
    <ClInclude Include="SpriteManager.h">
      <Filter>Fichiers d%27en-tête\Managers</Filter>
    </ClInclude>
    <ClInclude Include="XylophonePuzzle.h">
      <Filter>Fichiers d%27en-tête</Filter>
    </ClInclude>
  </ItemGroup>
  <ItemGroup>
    <Text Include="assets\level1_16.txt">
      <Filter>Assets</Filter>
    </Text>
    <Text Include="assets\level2_16.txt">
      <Filter>Assets</Filter>
    </Text>
    <Text Include="assets\level1_32.txt">
      <Filter>Assets</Filter>
    </Text>
    <Text Include="assets\level2_32.txt">
      <Filter>Assets</Filter>
    </Text>
  </ItemGroup>
</Project>